
Microsoft Visual Studio Solution File, Format Version 12.00
# Visual Studio Version 16
VisualStudioVersion = 16.0.31005.135
MinimumVisualStudioVersion = 10.0.40219.1
Project("{FAE04EC0-301F-11D3-BF4B-00C04F79EFBC}") = "ControlVee.DesignPattern.Behavioral.ChainOfResponsibility", "ControlVee.DesignPattern.Behavioral.ChainOfResponsibility\ControlVee.DesignPattern.Behavioral.ChainOfResponsibility.csproj", "{FCBE0202-77AF-4B30-8457-16818515DCFE}"
EndProject
Global
	GlobalSection(SolutionConfigurationPlatforms) = preSolution
		Debug|Any CPU = Debug|Any CPU
		Release|Any CPU = Release|Any CPU
	EndGlobalSection
	GlobalSection(ProjectConfigurationPlatforms) = postSolution
		{FCBE0202-77AF-4B30-8457-16818515DCFE}.Debug|Any CPU.ActiveCfg = Debug|Any CPU
		{FCBE0202-77AF-4B30-8457-16818515DCFE}.Debug|Any CPU.Build.0 = Debug|Any CPU
		{FCBE0202-77AF-4B30-8457-16818515DCFE}.Release|Any CPU.ActiveCfg = Release|Any CPU
		{FCBE0202-77AF-4B30-8457-16818515DCFE}.Release|Any CPU.Build.0 = Release|Any CPU
	EndGlobalSection
	GlobalSection(SolutionProperties) = preSolution
		HideSolutionNode = FALSE
	EndGlobalSection
	GlobalSection(ExtensibilityGlobals) = postSolution
		SolutionGuid = {66E8687B-38D8-4B22-A5A3-464C3305C9D9}
	EndGlobalSection
EndGlobal
